
Microsoft Visual Studio Solution File, Format Version 12.00
# Visual Studio Version 17
VisualStudioVersion = 17.11.35327.3
MinimumVisualStudioVersion = 10.0.40219.1
Project("{8BC9CEB8-8B4A-11D0-8D11-00A0C91BC942}") = "01_Demo_Output", "01_Demo_Output\01_Demo_Output.vcxproj", "{B4CC4514-17AC-4222-889A-D4E0E0FB8DB0}"
EndProject
Project("{8BC9CEB8-8B4A-11D0-8D11-00A0C91BC942}") = "02_Demo_SizeOf", "02_Demo_SizeOf\02_Demo_SizeOf.vcxproj", "{BF134D53-9427-4068-B61E-43C149DE9D34}"
EndProject
Project("{8BC9CEB8-8B4A-11D0-8D11-00A0C91BC942}") = "03_Demo_Out", "03_Demo_Out\03_Demo_Out.vcxproj", "{3E7001A1-5063-40F3-83E2-3A05B52D35B3}"
EndProject
Project("{8BC9CEB8-8B4A-11D0-8D11-00A0C91BC942}") = "04_Demo_convert_float", "04_Demo_convert_float\04_Demo_convert_float.vcxproj", "{9617401A-6C22-4BE5-811E-78002E12E4A3}"
EndProject
Global
	GlobalSection(SolutionConfigurationPlatforms) = preSolution
		Debug|x64 = Debug|x64
		Debug|x86 = Debug|x86
		Release|x64 = Release|x64
		Release|x86 = Release|x86
	EndGlobalSection
	GlobalSection(ProjectConfigurationPlatforms) = postSolution
		{B4CC4514-17AC-4222-889A-D4E0E0FB8DB0}.Debug|x64.ActiveCfg = Debug|x64
		{B4CC4514-17AC-4222-889A-D4E0E0FB8DB0}.Debug|x64.Build.0 = Debug|x64
		{B4CC4514-17AC-4222-889A-D4E0E0FB8DB0}.Debug|x86.ActiveCfg = Debug|Win32
		{B4CC4514-17AC-4222-889A-D4E0E0FB8DB0}.Debug|x86.Build.0 = Debug|Win32
		{B4CC4514-17AC-4222-889A-D4E0E0FB8DB0}.Release|x64.ActiveCfg = Release|x64
		{B4CC4514-17AC-4222-889A-D4E0E0FB8DB0}.Release|x64.Build.0 = Release|x64
		{B4CC4514-17AC-4222-889A-D4E0E0FB8DB0}.Release|x86.ActiveCfg = Release|Win32
		{B4CC4514-17AC-4222-889A-D4E0E0FB8DB0}.Release|x86.Build.0 = Release|Win32
		{BF134D53-9427-4068-B61E-43C149DE9D34}.Debug|x64.ActiveCfg = Debug|x64
		{BF134D53-9427-4068-B61E-43C149DE9D34}.Debug|x64.Build.0 = Debug|x64
		{BF134D53-9427-4068-B61E-43C149DE9D34}.Debug|x86.ActiveCfg = Debug|Win32
		{BF134D53-9427-4068-B61E-43C149DE9D34}.Debug|x86.Build.0 = Debug|Win32
		{BF134D53-9427-4068-B61E-43C149DE9D34}.Release|x64.ActiveCfg = Release|x64
		{BF134D53-9427-4068-B61E-43C149DE9D34}.Release|x64.Build.0 = Release|x64
		{BF134D53-9427-4068-B61E-43C149DE9D34}.Release|x86.ActiveCfg = Release|Win32
		{BF134D53-9427-4068-B61E-43C149DE9D34}.Release|x86.Build.0 = Release|Win32
		{3E7001A1-5063-40F3-83E2-3A05B52D35B3}.Debug|x64.ActiveCfg = Debug|x64
		{3E7001A1-5063-40F3-83E2-3A05B52D35B3}.Debug|x64.Build.0 = Debug|x64
		{3E7001A1-5063-40F3-83E2-3A05B52D35B3}.Debug|x86.ActiveCfg = Debug|Win32
		{3E7001A1-5063-40F3-83E2-3A05B52D35B3}.Debug|x86.Build.0 = Debug|Win32
		{3E7001A1-5063-40F3-83E2-3A05B52D35B3}.Release|x64.ActiveCfg = Release|x64
		{3E7001A1-5063-40F3-83E2-3A05B52D35B3}.Release|x64.Build.0 = Release|x64
		{3E7001A1-5063-40F3-83E2-3A05B52D35B3}.Release|x86.ActiveCfg = Release|Win32
		{3E7001A1-5063-40F3-83E2-3A05B52D35B3}.Release|x86.Build.0 = Release|Win32
		{9617401A-6C22-4BE5-811E-78002E12E4A3}.Debug|x64.ActiveCfg = Debug|x64
		{9617401A-6C22-4BE5-811E-78002E12E4A3}.Debug|x64.Build.0 = Debug|x64
		{9617401A-6C22-4BE5-811E-78002E12E4A3}.Debug|x86.ActiveCfg = Debug|Win32
		{9617401A-6C22-4BE5-811E-78002E12E4A3}.Debug|x86.Build.0 = Debug|Win32
		{9617401A-6C22-4BE5-811E-78002E12E4A3}.Release|x64.ActiveCfg = Release|x64
		{9617401A-6C22-4BE5-811E-78002E12E4A3}.Release|x64.Build.0 = Release|x64
		{9617401A-6C22-4BE5-811E-78002E12E4A3}.Release|x86.ActiveCfg = Release|Win32
		{9617401A-6C22-4BE5-811E-78002E12E4A3}.Release|x86.Build.0 = Release|Win32
	EndGlobalSection
	GlobalSection(SolutionProperties) = preSolution
		HideSolutionNode = FALSE
	EndGlobalSection
	GlobalSection(ExtensibilityGlobals) = postSolution
		SolutionGuid = {856F00B4-7CD8-40D3-AFD6-A3324A7C98CA}
	EndGlobalSection
EndGlobal
