
Microsoft Visual Studio Solution File, Format Version 12.00
# Visual Studio 15
VisualStudioVersion = 15.0.27703.2042
MinimumVisualStudioVersion = 10.0.40219.1
Project("{8BC9CEB8-8B4A-11D0-8D11-00A0C91BC942}") = "01_Print_Text", "01_Print_Text\01_Print_Text.vcxproj", "{C8FCF414-6218-4859-B5A4-0DB2D5EFBB2A}"
EndProject
Project("{8BC9CEB8-8B4A-11D0-8D11-00A0C91BC942}") = "02_ShowRussianText", "02_ShowRussianText\02_ShowRussianText.vcxproj", "{17E5D84A-9868-4C31-9F92-99E8BEB4BEBC}"
EndProject
Project("{8BC9CEB8-8B4A-11D0-8D11-00A0C91BC942}") = "03_PauseScreen", "03_PauseScreen\03_PauseScreen.vcxproj", "{20AB39F0-23F7-4971-9777-D3745D9A1CBC}"
EndProject
Global
	GlobalSection(SolutionConfigurationPlatforms) = preSolution
		Debug|x64 = Debug|x64
		Debug|x86 = Debug|x86
		Release|x64 = Release|x64
		Release|x86 = Release|x86
	EndGlobalSection
	GlobalSection(ProjectConfigurationPlatforms) = postSolution
		{C8FCF414-6218-4859-B5A4-0DB2D5EFBB2A}.Debug|x64.ActiveCfg = Debug|x64
		{C8FCF414-6218-4859-B5A4-0DB2D5EFBB2A}.Debug|x64.Build.0 = Debug|x64
		{C8FCF414-6218-4859-B5A4-0DB2D5EFBB2A}.Debug|x86.ActiveCfg = Debug|Win32
		{C8FCF414-6218-4859-B5A4-0DB2D5EFBB2A}.Debug|x86.Build.0 = Debug|Win32
		{C8FCF414-6218-4859-B5A4-0DB2D5EFBB2A}.Release|x64.ActiveCfg = Release|x64
		{C8FCF414-6218-4859-B5A4-0DB2D5EFBB2A}.Release|x64.Build.0 = Release|x64
		{C8FCF414-6218-4859-B5A4-0DB2D5EFBB2A}.Release|x86.ActiveCfg = Release|Win32
		{C8FCF414-6218-4859-B5A4-0DB2D5EFBB2A}.Release|x86.Build.0 = Release|Win32
		{17E5D84A-9868-4C31-9F92-99E8BEB4BEBC}.Debug|x64.ActiveCfg = Debug|x64
		{17E5D84A-9868-4C31-9F92-99E8BEB4BEBC}.Debug|x64.Build.0 = Debug|x64
		{17E5D84A-9868-4C31-9F92-99E8BEB4BEBC}.Debug|x86.ActiveCfg = Debug|Win32
		{17E5D84A-9868-4C31-9F92-99E8BEB4BEBC}.Debug|x86.Build.0 = Debug|Win32
		{17E5D84A-9868-4C31-9F92-99E8BEB4BEBC}.Release|x64.ActiveCfg = Release|x64
		{17E5D84A-9868-4C31-9F92-99E8BEB4BEBC}.Release|x64.Build.0 = Release|x64
		{17E5D84A-9868-4C31-9F92-99E8BEB4BEBC}.Release|x86.ActiveCfg = Release|Win32
		{17E5D84A-9868-4C31-9F92-99E8BEB4BEBC}.Release|x86.Build.0 = Release|Win32
		{20AB39F0-23F7-4971-9777-D3745D9A1CBC}.Debug|x64.ActiveCfg = Debug|x64
		{20AB39F0-23F7-4971-9777-D3745D9A1CBC}.Debug|x64.Build.0 = Debug|x64
		{20AB39F0-23F7-4971-9777-D3745D9A1CBC}.Debug|x86.ActiveCfg = Debug|Win32
		{20AB39F0-23F7-4971-9777-D3745D9A1CBC}.Debug|x86.Build.0 = Debug|Win32
		{20AB39F0-23F7-4971-9777-D3745D9A1CBC}.Release|x64.ActiveCfg = Release|x64
		{20AB39F0-23F7-4971-9777-D3745D9A1CBC}.Release|x64.Build.0 = Release|x64
		{20AB39F0-23F7-4971-9777-D3745D9A1CBC}.Release|x86.ActiveCfg = Release|Win32
		{20AB39F0-23F7-4971-9777-D3745D9A1CBC}.Release|x86.Build.0 = Release|Win32
	EndGlobalSection
	GlobalSection(SolutionProperties) = preSolution
		HideSolutionNode = FALSE
	EndGlobalSection
	GlobalSection(ExtensibilityGlobals) = postSolution
		SolutionGuid = {D7F8FD43-EBE0-47AD-AD4E-3DADC064660D}
	EndGlobalSection
EndGlobal
