
Microsoft Visual Studio Solution File, Format Version 12.00
# Visual Studio Version 16
VisualStudioVersion = 16.0.30517.126
MinimumVisualStudioVersion = 10.0.40219.1
Project("{8BC9CEB8-8B4A-11D0-8D11-00A0C91BC942}") = "Lesson01", "Lesson01\Lesson01.vcxproj", "{DA6F8756-ECF4-4CCA-9ADC-6802BDB34861}"
EndProject
Project("{8BC9CEB8-8B4A-11D0-8D11-00A0C91BC942}") = "Demo002", "Demo002\Demo002.vcxproj", "{E2CF225F-DD06-494F-B012-5450A03AEC14}"
EndProject
Global
	GlobalSection(SolutionConfigurationPlatforms) = preSolution
		Debug|x64 = Debug|x64
		Debug|x86 = Debug|x86
		Release|x64 = Release|x64
		Release|x86 = Release|x86
	EndGlobalSection
	GlobalSection(ProjectConfigurationPlatforms) = postSolution
		{DA6F8756-ECF4-4CCA-9ADC-6802BDB34861}.Debug|x64.ActiveCfg = Debug|x64
		{DA6F8756-ECF4-4CCA-9ADC-6802BDB34861}.Debug|x64.Build.0 = Debug|x64
		{DA6F8756-ECF4-4CCA-9ADC-6802BDB34861}.Debug|x86.ActiveCfg = Debug|Win32
		{DA6F8756-ECF4-4CCA-9ADC-6802BDB34861}.Debug|x86.Build.0 = Debug|Win32
		{DA6F8756-ECF4-4CCA-9ADC-6802BDB34861}.Release|x64.ActiveCfg = Release|x64
		{DA6F8756-ECF4-4CCA-9ADC-6802BDB34861}.Release|x64.Build.0 = Release|x64
		{DA6F8756-ECF4-4CCA-9ADC-6802BDB34861}.Release|x86.ActiveCfg = Release|Win32
		{DA6F8756-ECF4-4CCA-9ADC-6802BDB34861}.Release|x86.Build.0 = Release|Win32
		{E2CF225F-DD06-494F-B012-5450A03AEC14}.Debug|x64.ActiveCfg = Debug|x64
		{E2CF225F-DD06-494F-B012-5450A03AEC14}.Debug|x64.Build.0 = Debug|x64
		{E2CF225F-DD06-494F-B012-5450A03AEC14}.Debug|x86.ActiveCfg = Debug|Win32
		{E2CF225F-DD06-494F-B012-5450A03AEC14}.Debug|x86.Build.0 = Debug|Win32
		{E2CF225F-DD06-494F-B012-5450A03AEC14}.Release|x64.ActiveCfg = Release|x64
		{E2CF225F-DD06-494F-B012-5450A03AEC14}.Release|x64.Build.0 = Release|x64
		{E2CF225F-DD06-494F-B012-5450A03AEC14}.Release|x86.ActiveCfg = Release|Win32
		{E2CF225F-DD06-494F-B012-5450A03AEC14}.Release|x86.Build.0 = Release|Win32
	EndGlobalSection
	GlobalSection(SolutionProperties) = preSolution
		HideSolutionNode = FALSE
	EndGlobalSection
	GlobalSection(ExtensibilityGlobals) = postSolution
		SolutionGuid = {C96CA05A-3955-4406-B642-2334E1D8D06D}
	EndGlobalSection
EndGlobal
