
Microsoft Visual Studio Solution File, Format Version 12.00
# Visual Studio Version 17
VisualStudioVersion = 17.11.35327.3
MinimumVisualStudioVersion = 10.0.40219.1
Project("{8BC9CEB8-8B4A-11D0-8D11-00A0C91BC942}") = "Work", "Work\Work.vcxproj", "{26929FDB-4FE1-48A8-9E39-E6114236605A}"
EndProject
Project("{8BC9CEB8-8B4A-11D0-8D11-00A0C91BC942}") = "SecondProject", "SecondProject\SecondProject.vcxproj", "{C23C1EE8-92C5-4677-8638-30FB91E3C05C}"
EndProject
Project("{8BC9CEB8-8B4A-11D0-8D11-00A0C91BC942}") = "Demo01-1", "Demo01-1\Demo01-1.vcxproj", "{BCB8FF00-BDFF-4060-AF02-3127114DB765}"
EndProject
Global
	GlobalSection(SolutionConfigurationPlatforms) = preSolution
		Debug|x64 = Debug|x64
		Debug|x86 = Debug|x86
		Release|x64 = Release|x64
		Release|x86 = Release|x86
	EndGlobalSection
	GlobalSection(ProjectConfigurationPlatforms) = postSolution
		{26929FDB-4FE1-48A8-9E39-E6114236605A}.Debug|x64.ActiveCfg = Debug|x64
		{26929FDB-4FE1-48A8-9E39-E6114236605A}.Debug|x64.Build.0 = Debug|x64
		{26929FDB-4FE1-48A8-9E39-E6114236605A}.Debug|x86.ActiveCfg = Debug|Win32
		{26929FDB-4FE1-48A8-9E39-E6114236605A}.Debug|x86.Build.0 = Debug|Win32
		{26929FDB-4FE1-48A8-9E39-E6114236605A}.Release|x64.ActiveCfg = Release|x64
		{26929FDB-4FE1-48A8-9E39-E6114236605A}.Release|x64.Build.0 = Release|x64
		{26929FDB-4FE1-48A8-9E39-E6114236605A}.Release|x86.ActiveCfg = Release|Win32
		{26929FDB-4FE1-48A8-9E39-E6114236605A}.Release|x86.Build.0 = Release|Win32
		{C23C1EE8-92C5-4677-8638-30FB91E3C05C}.Debug|x64.ActiveCfg = Debug|x64
		{C23C1EE8-92C5-4677-8638-30FB91E3C05C}.Debug|x64.Build.0 = Debug|x64
		{C23C1EE8-92C5-4677-8638-30FB91E3C05C}.Debug|x86.ActiveCfg = Debug|Win32
		{C23C1EE8-92C5-4677-8638-30FB91E3C05C}.Debug|x86.Build.0 = Debug|Win32
		{C23C1EE8-92C5-4677-8638-30FB91E3C05C}.Release|x64.ActiveCfg = Release|x64
		{C23C1EE8-92C5-4677-8638-30FB91E3C05C}.Release|x64.Build.0 = Release|x64
		{C23C1EE8-92C5-4677-8638-30FB91E3C05C}.Release|x86.ActiveCfg = Release|Win32
		{C23C1EE8-92C5-4677-8638-30FB91E3C05C}.Release|x86.Build.0 = Release|Win32
		{BCB8FF00-BDFF-4060-AF02-3127114DB765}.Debug|x64.ActiveCfg = Debug|x64
		{BCB8FF00-BDFF-4060-AF02-3127114DB765}.Debug|x64.Build.0 = Debug|x64
		{BCB8FF00-BDFF-4060-AF02-3127114DB765}.Debug|x86.ActiveCfg = Debug|Win32
		{BCB8FF00-BDFF-4060-AF02-3127114DB765}.Debug|x86.Build.0 = Debug|Win32
		{BCB8FF00-BDFF-4060-AF02-3127114DB765}.Release|x64.ActiveCfg = Release|x64
		{BCB8FF00-BDFF-4060-AF02-3127114DB765}.Release|x64.Build.0 = Release|x64
		{BCB8FF00-BDFF-4060-AF02-3127114DB765}.Release|x86.ActiveCfg = Release|Win32
		{BCB8FF00-BDFF-4060-AF02-3127114DB765}.Release|x86.Build.0 = Release|Win32
	EndGlobalSection
	GlobalSection(SolutionProperties) = preSolution
		HideSolutionNode = FALSE
	EndGlobalSection
	GlobalSection(ExtensibilityGlobals) = postSolution
		SolutionGuid = {883EBA96-FD43-4F41-B613-B38BCA5ED5DA}
	EndGlobalSection
EndGlobal
