
Microsoft Visual Studio Solution File, Format Version 12.00
# Visual Studio Version 17
VisualStudioVersion = 17.3.32819.101
MinimumVisualStudioVersion = 10.0.40219.1
Project("{8BC9CEB8-8B4A-11D0-8D11-00A0C91BC942}") = "01_Demo_Pointers", "01_Demo\01_Demo.vcxproj", "{B2153AB0-530B-4FFD-8341-94DC47F2F852}"
EndProject
Project("{8BC9CEB8-8B4A-11D0-8D11-00A0C91BC942}") = "02_Demo Link & Pointer", "02_Demo\02_Demo.vcxproj", "{55D96457-DCFA-4B79-8004-82483AFD185E}"
EndProject
Project("{8BC9CEB8-8B4A-11D0-8D11-00A0C91BC942}") = "03_Demo Compare Pointers", "03_Demo\03_Demo.vcxproj", "{AF4F4AEC-73ED-42B5-8FCF-2B04FD819146}"
EndProject
Project("{8BC9CEB8-8B4A-11D0-8D11-00A0C91BC942}") = "04_Demo_Address", "04_Demo\04_Demo.vcxproj", "{7A5B1AE7-A497-4689-9752-2EACB91FD11C}"
EndProject
Project("{8BC9CEB8-8B4A-11D0-8D11-00A0C91BC942}") = "05_Demo_Auto", "05_Demo\05_Demo.vcxproj", "{1972592C-F2D5-4E33-9C07-E3D7BF2308D5}"
EndProject
Project("{8BC9CEB8-8B4A-11D0-8D11-00A0C91BC942}") = "06_Demo_LabWork08", "06_Demo\06_Demo.vcxproj", "{D06F500F-56A6-4BA7-9E08-4E3A3D52E9C5}"
EndProject
Project("{8BC9CEB8-8B4A-11D0-8D11-00A0C91BC942}") = "07_Demo IFDEF", "07_Demo\07_Demo.vcxproj", "{4AFD2DC0-F7A1-4439-9AC5-17D59B80BD3C}"
EndProject
Project("{8BC9CEB8-8B4A-11D0-8D11-00A0C91BC942}") = "08_Demo Random", "08_Demo\08_Demo.vcxproj", "{7401DFB2-CE3A-4728-9226-2FC8F227D88C}"
EndProject
Project("{8BC9CEB8-8B4A-11D0-8D11-00A0C91BC942}") = "09_Demo Practice8", "09_Demo\09_Demo.vcxproj", "{D11CB540-E819-4F7D-9F10-98BF3F5F12E0}"
EndProject
Project("{8BC9CEB8-8B4A-11D0-8D11-00A0C91BC942}") = "10_Demo Dymamic Array", "10_Demo\10_Demo.vcxproj", "{2198567D-7EDF-4CA6-AA6F-F6B67EA63318}"
EndProject
Project("{8BC9CEB8-8B4A-11D0-8D11-00A0C91BC942}") = "11_Demo_On_Lab08_3", "11_Demo_On_Lab08_3\11_Demo_On_Lab08_3.vcxproj", "{3FE44DFA-A925-4652-89CD-7A343D81E5B5}"
EndProject
Global
	GlobalSection(SolutionConfigurationPlatforms) = preSolution
		Debug|x64 = Debug|x64
		Debug|x86 = Debug|x86
		Release|x64 = Release|x64
		Release|x86 = Release|x86
	EndGlobalSection
	GlobalSection(ProjectConfigurationPlatforms) = postSolution
		{B2153AB0-530B-4FFD-8341-94DC47F2F852}.Debug|x64.ActiveCfg = Debug|x64
		{B2153AB0-530B-4FFD-8341-94DC47F2F852}.Debug|x64.Build.0 = Debug|x64
		{B2153AB0-530B-4FFD-8341-94DC47F2F852}.Debug|x86.ActiveCfg = Debug|Win32
		{B2153AB0-530B-4FFD-8341-94DC47F2F852}.Debug|x86.Build.0 = Debug|Win32
		{B2153AB0-530B-4FFD-8341-94DC47F2F852}.Release|x64.ActiveCfg = Release|x64
		{B2153AB0-530B-4FFD-8341-94DC47F2F852}.Release|x64.Build.0 = Release|x64
		{B2153AB0-530B-4FFD-8341-94DC47F2F852}.Release|x86.ActiveCfg = Release|Win32
		{B2153AB0-530B-4FFD-8341-94DC47F2F852}.Release|x86.Build.0 = Release|Win32
		{55D96457-DCFA-4B79-8004-82483AFD185E}.Debug|x64.ActiveCfg = Debug|x64
		{55D96457-DCFA-4B79-8004-82483AFD185E}.Debug|x64.Build.0 = Debug|x64
		{55D96457-DCFA-4B79-8004-82483AFD185E}.Debug|x86.ActiveCfg = Debug|Win32
		{55D96457-DCFA-4B79-8004-82483AFD185E}.Debug|x86.Build.0 = Debug|Win32
		{55D96457-DCFA-4B79-8004-82483AFD185E}.Release|x64.ActiveCfg = Release|x64
		{55D96457-DCFA-4B79-8004-82483AFD185E}.Release|x64.Build.0 = Release|x64
		{55D96457-DCFA-4B79-8004-82483AFD185E}.Release|x86.ActiveCfg = Release|Win32
		{55D96457-DCFA-4B79-8004-82483AFD185E}.Release|x86.Build.0 = Release|Win32
		{AF4F4AEC-73ED-42B5-8FCF-2B04FD819146}.Debug|x64.ActiveCfg = Debug|x64
		{AF4F4AEC-73ED-42B5-8FCF-2B04FD819146}.Debug|x64.Build.0 = Debug|x64
		{AF4F4AEC-73ED-42B5-8FCF-2B04FD819146}.Debug|x86.ActiveCfg = Debug|Win32
		{AF4F4AEC-73ED-42B5-8FCF-2B04FD819146}.Debug|x86.Build.0 = Debug|Win32
		{AF4F4AEC-73ED-42B5-8FCF-2B04FD819146}.Release|x64.ActiveCfg = Release|x64
		{AF4F4AEC-73ED-42B5-8FCF-2B04FD819146}.Release|x64.Build.0 = Release|x64
		{AF4F4AEC-73ED-42B5-8FCF-2B04FD819146}.Release|x86.ActiveCfg = Release|Win32
		{AF4F4AEC-73ED-42B5-8FCF-2B04FD819146}.Release|x86.Build.0 = Release|Win32
		{7A5B1AE7-A497-4689-9752-2EACB91FD11C}.Debug|x64.ActiveCfg = Debug|x64
		{7A5B1AE7-A497-4689-9752-2EACB91FD11C}.Debug|x64.Build.0 = Debug|x64
		{7A5B1AE7-A497-4689-9752-2EACB91FD11C}.Debug|x86.ActiveCfg = Debug|Win32
		{7A5B1AE7-A497-4689-9752-2EACB91FD11C}.Debug|x86.Build.0 = Debug|Win32
		{7A5B1AE7-A497-4689-9752-2EACB91FD11C}.Release|x64.ActiveCfg = Release|x64
		{7A5B1AE7-A497-4689-9752-2EACB91FD11C}.Release|x64.Build.0 = Release|x64
		{7A5B1AE7-A497-4689-9752-2EACB91FD11C}.Release|x86.ActiveCfg = Release|Win32
		{7A5B1AE7-A497-4689-9752-2EACB91FD11C}.Release|x86.Build.0 = Release|Win32
		{1972592C-F2D5-4E33-9C07-E3D7BF2308D5}.Debug|x64.ActiveCfg = Debug|x64
		{1972592C-F2D5-4E33-9C07-E3D7BF2308D5}.Debug|x64.Build.0 = Debug|x64
		{1972592C-F2D5-4E33-9C07-E3D7BF2308D5}.Debug|x86.ActiveCfg = Debug|Win32
		{1972592C-F2D5-4E33-9C07-E3D7BF2308D5}.Debug|x86.Build.0 = Debug|Win32
		{1972592C-F2D5-4E33-9C07-E3D7BF2308D5}.Release|x64.ActiveCfg = Release|x64
		{1972592C-F2D5-4E33-9C07-E3D7BF2308D5}.Release|x64.Build.0 = Release|x64
		{1972592C-F2D5-4E33-9C07-E3D7BF2308D5}.Release|x86.ActiveCfg = Release|Win32
		{1972592C-F2D5-4E33-9C07-E3D7BF2308D5}.Release|x86.Build.0 = Release|Win32
		{D06F500F-56A6-4BA7-9E08-4E3A3D52E9C5}.Debug|x64.ActiveCfg = Debug|x64
		{D06F500F-56A6-4BA7-9E08-4E3A3D52E9C5}.Debug|x64.Build.0 = Debug|x64
		{D06F500F-56A6-4BA7-9E08-4E3A3D52E9C5}.Debug|x86.ActiveCfg = Debug|Win32
		{D06F500F-56A6-4BA7-9E08-4E3A3D52E9C5}.Debug|x86.Build.0 = Debug|Win32
		{D06F500F-56A6-4BA7-9E08-4E3A3D52E9C5}.Release|x64.ActiveCfg = Release|x64
		{D06F500F-56A6-4BA7-9E08-4E3A3D52E9C5}.Release|x64.Build.0 = Release|x64
		{D06F500F-56A6-4BA7-9E08-4E3A3D52E9C5}.Release|x86.ActiveCfg = Release|Win32
		{D06F500F-56A6-4BA7-9E08-4E3A3D52E9C5}.Release|x86.Build.0 = Release|Win32
		{4AFD2DC0-F7A1-4439-9AC5-17D59B80BD3C}.Debug|x64.ActiveCfg = Debug|x64
		{4AFD2DC0-F7A1-4439-9AC5-17D59B80BD3C}.Debug|x64.Build.0 = Debug|x64
		{4AFD2DC0-F7A1-4439-9AC5-17D59B80BD3C}.Debug|x86.ActiveCfg = Debug|Win32
		{4AFD2DC0-F7A1-4439-9AC5-17D59B80BD3C}.Debug|x86.Build.0 = Debug|Win32
		{4AFD2DC0-F7A1-4439-9AC5-17D59B80BD3C}.Release|x64.ActiveCfg = Release|x64
		{4AFD2DC0-F7A1-4439-9AC5-17D59B80BD3C}.Release|x64.Build.0 = Release|x64
		{4AFD2DC0-F7A1-4439-9AC5-17D59B80BD3C}.Release|x86.ActiveCfg = Release|Win32
		{4AFD2DC0-F7A1-4439-9AC5-17D59B80BD3C}.Release|x86.Build.0 = Release|Win32
		{7401DFB2-CE3A-4728-9226-2FC8F227D88C}.Debug|x64.ActiveCfg = Debug|x64
		{7401DFB2-CE3A-4728-9226-2FC8F227D88C}.Debug|x64.Build.0 = Debug|x64
		{7401DFB2-CE3A-4728-9226-2FC8F227D88C}.Debug|x86.ActiveCfg = Debug|Win32
		{7401DFB2-CE3A-4728-9226-2FC8F227D88C}.Debug|x86.Build.0 = Debug|Win32
		{7401DFB2-CE3A-4728-9226-2FC8F227D88C}.Release|x64.ActiveCfg = Release|x64
		{7401DFB2-CE3A-4728-9226-2FC8F227D88C}.Release|x64.Build.0 = Release|x64
		{7401DFB2-CE3A-4728-9226-2FC8F227D88C}.Release|x86.ActiveCfg = Release|Win32
		{7401DFB2-CE3A-4728-9226-2FC8F227D88C}.Release|x86.Build.0 = Release|Win32
		{D11CB540-E819-4F7D-9F10-98BF3F5F12E0}.Debug|x64.ActiveCfg = Debug|x64
		{D11CB540-E819-4F7D-9F10-98BF3F5F12E0}.Debug|x64.Build.0 = Debug|x64
		{D11CB540-E819-4F7D-9F10-98BF3F5F12E0}.Debug|x86.ActiveCfg = Debug|Win32
		{D11CB540-E819-4F7D-9F10-98BF3F5F12E0}.Debug|x86.Build.0 = Debug|Win32
		{D11CB540-E819-4F7D-9F10-98BF3F5F12E0}.Release|x64.ActiveCfg = Release|x64
		{D11CB540-E819-4F7D-9F10-98BF3F5F12E0}.Release|x64.Build.0 = Release|x64
		{D11CB540-E819-4F7D-9F10-98BF3F5F12E0}.Release|x86.ActiveCfg = Release|Win32
		{D11CB540-E819-4F7D-9F10-98BF3F5F12E0}.Release|x86.Build.0 = Release|Win32
		{2198567D-7EDF-4CA6-AA6F-F6B67EA63318}.Debug|x64.ActiveCfg = Debug|x64
		{2198567D-7EDF-4CA6-AA6F-F6B67EA63318}.Debug|x64.Build.0 = Debug|x64
		{2198567D-7EDF-4CA6-AA6F-F6B67EA63318}.Debug|x86.ActiveCfg = Debug|Win32
		{2198567D-7EDF-4CA6-AA6F-F6B67EA63318}.Debug|x86.Build.0 = Debug|Win32
		{2198567D-7EDF-4CA6-AA6F-F6B67EA63318}.Release|x64.ActiveCfg = Release|x64
		{2198567D-7EDF-4CA6-AA6F-F6B67EA63318}.Release|x64.Build.0 = Release|x64
		{2198567D-7EDF-4CA6-AA6F-F6B67EA63318}.Release|x86.ActiveCfg = Release|Win32
		{2198567D-7EDF-4CA6-AA6F-F6B67EA63318}.Release|x86.Build.0 = Release|Win32
		{3FE44DFA-A925-4652-89CD-7A343D81E5B5}.Debug|x64.ActiveCfg = Debug|x64
		{3FE44DFA-A925-4652-89CD-7A343D81E5B5}.Debug|x64.Build.0 = Debug|x64
		{3FE44DFA-A925-4652-89CD-7A343D81E5B5}.Debug|x86.ActiveCfg = Debug|Win32
		{3FE44DFA-A925-4652-89CD-7A343D81E5B5}.Debug|x86.Build.0 = Debug|Win32
		{3FE44DFA-A925-4652-89CD-7A343D81E5B5}.Release|x64.ActiveCfg = Release|x64
		{3FE44DFA-A925-4652-89CD-7A343D81E5B5}.Release|x64.Build.0 = Release|x64
		{3FE44DFA-A925-4652-89CD-7A343D81E5B5}.Release|x86.ActiveCfg = Release|Win32
		{3FE44DFA-A925-4652-89CD-7A343D81E5B5}.Release|x86.Build.0 = Release|Win32
	EndGlobalSection
	GlobalSection(SolutionProperties) = preSolution
		HideSolutionNode = FALSE
	EndGlobalSection
	GlobalSection(ExtensibilityGlobals) = postSolution
		SolutionGuid = {6FD84C4E-E92E-4576-9B9B-21ACE22371AC}
	EndGlobalSection
EndGlobal
