
Microsoft Visual Studio Solution File, Format Version 12.00
# Visual Studio 15
VisualStudioVersion = 15.0.27703.2042
MinimumVisualStudioVersion = 10.0.40219.1
Project("{8BC9CEB8-8B4A-11D0-8D11-00A0C91BC942}") = "05_Char", "01_Char\01_Char.vcxproj", "{9D469F72-7070-4F1B-91B7-8E4D1C2291C2}"
EndProject
Project("{8BC9CEB8-8B4A-11D0-8D11-00A0C91BC942}") = "04_FloatDouble", "02_FloatDouble\02_FloatDouble.vcxproj", "{30118810-D5F5-4FDF-8BDC-644C6BB71909}"
EndProject
Project("{8BC9CEB8-8B4A-11D0-8D11-00A0C91BC942}") = "03_BasicTypes", "03_BasicTypes\03_BasicTypes.vcxproj", "{B839588D-32E8-4D34-860D-DE5EFF62D980}"
EndProject
Project("{8BC9CEB8-8B4A-11D0-8D11-00A0C91BC942}") = "02_DefaultTypes", "04_DefaultTypes\04_DefaultTypes.vcxproj", "{24E1B938-FCBF-4E04-8B91-E7940147435F}"
EndProject
Project("{8BC9CEB8-8B4A-11D0-8D11-00A0C91BC942}") = "01_SimpleVariable", "05_SimpleVariable\05_SimpleVariable.vcxproj", "{A2B021B1-A5B0-43D8-B9AC-9293F8C8A6F8}"
EndProject
Project("{8BC9CEB8-8B4A-11D0-8D11-00A0C91BC942}") = "06_CinCoutFormatOpertion", "06_CinCoutFormatOpertion\06_CinCoutFormatOpertion.vcxproj", "{61BAA9B1-B4C7-4BF8-B1B3-221E191EF370}"
EndProject
Project("{8BC9CEB8-8B4A-11D0-8D11-00A0C91BC942}") = "07_FindHypotenuse", "07_FindHypotenuse\07_FindHypotenuse.vcxproj", "{3B31E00F-9DD0-4521-B5AB-A12241815BEF}"
EndProject
Global
	GlobalSection(SolutionConfigurationPlatforms) = preSolution
		Debug|x64 = Debug|x64
		Debug|x86 = Debug|x86
		Release|x64 = Release|x64
		Release|x86 = Release|x86
	EndGlobalSection
	GlobalSection(ProjectConfigurationPlatforms) = postSolution
		{9D469F72-7070-4F1B-91B7-8E4D1C2291C2}.Debug|x64.ActiveCfg = Debug|x64
		{9D469F72-7070-4F1B-91B7-8E4D1C2291C2}.Debug|x64.Build.0 = Debug|x64
		{9D469F72-7070-4F1B-91B7-8E4D1C2291C2}.Debug|x86.ActiveCfg = Debug|Win32
		{9D469F72-7070-4F1B-91B7-8E4D1C2291C2}.Debug|x86.Build.0 = Debug|Win32
		{9D469F72-7070-4F1B-91B7-8E4D1C2291C2}.Release|x64.ActiveCfg = Release|x64
		{9D469F72-7070-4F1B-91B7-8E4D1C2291C2}.Release|x64.Build.0 = Release|x64
		{9D469F72-7070-4F1B-91B7-8E4D1C2291C2}.Release|x86.ActiveCfg = Release|Win32
		{9D469F72-7070-4F1B-91B7-8E4D1C2291C2}.Release|x86.Build.0 = Release|Win32
		{30118810-D5F5-4FDF-8BDC-644C6BB71909}.Debug|x64.ActiveCfg = Debug|x64
		{30118810-D5F5-4FDF-8BDC-644C6BB71909}.Debug|x64.Build.0 = Debug|x64
		{30118810-D5F5-4FDF-8BDC-644C6BB71909}.Debug|x86.ActiveCfg = Debug|Win32
		{30118810-D5F5-4FDF-8BDC-644C6BB71909}.Debug|x86.Build.0 = Debug|Win32
		{30118810-D5F5-4FDF-8BDC-644C6BB71909}.Release|x64.ActiveCfg = Release|x64
		{30118810-D5F5-4FDF-8BDC-644C6BB71909}.Release|x64.Build.0 = Release|x64
		{30118810-D5F5-4FDF-8BDC-644C6BB71909}.Release|x86.ActiveCfg = Release|Win32
		{30118810-D5F5-4FDF-8BDC-644C6BB71909}.Release|x86.Build.0 = Release|Win32
		{B839588D-32E8-4D34-860D-DE5EFF62D980}.Debug|x64.ActiveCfg = Debug|x64
		{B839588D-32E8-4D34-860D-DE5EFF62D980}.Debug|x64.Build.0 = Debug|x64
		{B839588D-32E8-4D34-860D-DE5EFF62D980}.Debug|x86.ActiveCfg = Debug|Win32
		{B839588D-32E8-4D34-860D-DE5EFF62D980}.Debug|x86.Build.0 = Debug|Win32
		{B839588D-32E8-4D34-860D-DE5EFF62D980}.Release|x64.ActiveCfg = Release|x64
		{B839588D-32E8-4D34-860D-DE5EFF62D980}.Release|x64.Build.0 = Release|x64
		{B839588D-32E8-4D34-860D-DE5EFF62D980}.Release|x86.ActiveCfg = Release|Win32
		{B839588D-32E8-4D34-860D-DE5EFF62D980}.Release|x86.Build.0 = Release|Win32
		{24E1B938-FCBF-4E04-8B91-E7940147435F}.Debug|x64.ActiveCfg = Debug|x64
		{24E1B938-FCBF-4E04-8B91-E7940147435F}.Debug|x64.Build.0 = Debug|x64
		{24E1B938-FCBF-4E04-8B91-E7940147435F}.Debug|x86.ActiveCfg = Debug|Win32
		{24E1B938-FCBF-4E04-8B91-E7940147435F}.Debug|x86.Build.0 = Debug|Win32
		{24E1B938-FCBF-4E04-8B91-E7940147435F}.Release|x64.ActiveCfg = Release|x64
		{24E1B938-FCBF-4E04-8B91-E7940147435F}.Release|x64.Build.0 = Release|x64
		{24E1B938-FCBF-4E04-8B91-E7940147435F}.Release|x86.ActiveCfg = Release|Win32
		{24E1B938-FCBF-4E04-8B91-E7940147435F}.Release|x86.Build.0 = Release|Win32
		{A2B021B1-A5B0-43D8-B9AC-9293F8C8A6F8}.Debug|x64.ActiveCfg = Debug|x64
		{A2B021B1-A5B0-43D8-B9AC-9293F8C8A6F8}.Debug|x64.Build.0 = Debug|x64
		{A2B021B1-A5B0-43D8-B9AC-9293F8C8A6F8}.Debug|x86.ActiveCfg = Debug|Win32
		{A2B021B1-A5B0-43D8-B9AC-9293F8C8A6F8}.Debug|x86.Build.0 = Debug|Win32
		{A2B021B1-A5B0-43D8-B9AC-9293F8C8A6F8}.Release|x64.ActiveCfg = Release|x64
		{A2B021B1-A5B0-43D8-B9AC-9293F8C8A6F8}.Release|x64.Build.0 = Release|x64
		{A2B021B1-A5B0-43D8-B9AC-9293F8C8A6F8}.Release|x86.ActiveCfg = Release|Win32
		{A2B021B1-A5B0-43D8-B9AC-9293F8C8A6F8}.Release|x86.Build.0 = Release|Win32
		{61BAA9B1-B4C7-4BF8-B1B3-221E191EF370}.Debug|x64.ActiveCfg = Debug|x64
		{61BAA9B1-B4C7-4BF8-B1B3-221E191EF370}.Debug|x64.Build.0 = Debug|x64
		{61BAA9B1-B4C7-4BF8-B1B3-221E191EF370}.Debug|x86.ActiveCfg = Debug|Win32
		{61BAA9B1-B4C7-4BF8-B1B3-221E191EF370}.Debug|x86.Build.0 = Debug|Win32
		{61BAA9B1-B4C7-4BF8-B1B3-221E191EF370}.Release|x64.ActiveCfg = Release|x64
		{61BAA9B1-B4C7-4BF8-B1B3-221E191EF370}.Release|x64.Build.0 = Release|x64
		{61BAA9B1-B4C7-4BF8-B1B3-221E191EF370}.Release|x86.ActiveCfg = Release|Win32
		{61BAA9B1-B4C7-4BF8-B1B3-221E191EF370}.Release|x86.Build.0 = Release|Win32
		{3B31E00F-9DD0-4521-B5AB-A12241815BEF}.Debug|x64.ActiveCfg = Debug|x64
		{3B31E00F-9DD0-4521-B5AB-A12241815BEF}.Debug|x64.Build.0 = Debug|x64
		{3B31E00F-9DD0-4521-B5AB-A12241815BEF}.Debug|x86.ActiveCfg = Debug|Win32
		{3B31E00F-9DD0-4521-B5AB-A12241815BEF}.Debug|x86.Build.0 = Debug|Win32
		{3B31E00F-9DD0-4521-B5AB-A12241815BEF}.Release|x64.ActiveCfg = Release|x64
		{3B31E00F-9DD0-4521-B5AB-A12241815BEF}.Release|x64.Build.0 = Release|x64
		{3B31E00F-9DD0-4521-B5AB-A12241815BEF}.Release|x86.ActiveCfg = Release|Win32
		{3B31E00F-9DD0-4521-B5AB-A12241815BEF}.Release|x86.Build.0 = Release|Win32
	EndGlobalSection
	GlobalSection(SolutionProperties) = preSolution
		HideSolutionNode = FALSE
	EndGlobalSection
	GlobalSection(ExtensibilityGlobals) = postSolution
		SolutionGuid = {74A6977A-C4EE-4A48-853E-66A4912F4343}
	EndGlobalSection
EndGlobal
