
Microsoft Visual Studio Solution File, Format Version 12.00
# Visual Studio 15
VisualStudioVersion = 15.0.27703.2042
MinimumVisualStudioVersion = 10.0.40219.1
Project("{8BC9CEB8-8B4A-11D0-8D11-00A0C91BC942}") = "01_Comparation", "01_Comparation\01_Comparation.vcxproj", "{4F5ADCD8-3F13-4BCF-8156-5C3EFA2B393A}"
EndProject
Project("{8BC9CEB8-8B4A-11D0-8D11-00A0C91BC942}") = "02_if", "02_if\02_if.vcxproj", "{2E84C333-A5CA-4E43-B71E-1D7243FF50EF}"
EndProject
Project("{8BC9CEB8-8B4A-11D0-8D11-00A0C91BC942}") = "03_If_else", "03_If_else\03_If_else.vcxproj", "{4FBF1ECC-622A-4B20-83F0-E500EA571FEB}"
EndProject
Project("{8BC9CEB8-8B4A-11D0-8D11-00A0C91BC942}") = "00_Graphic_area", "00_Graphic_area\00_Graphic_area.vcxproj", "{0E36B632-59A2-455A-9E02-13918E0351BD}"
EndProject
Project("{8BC9CEB8-8B4A-11D0-8D11-00A0C91BC942}") = "04_if", "04_if\04_if.vcxproj", "{7E0179FD-8920-44DA-9A55-9A84366C2D65}"
EndProject
Project("{8BC9CEB8-8B4A-11D0-8D11-00A0C91BC942}") = "05_Ternary", "05_Ternary\05_Ternary.vcxproj", "{16EF0418-4647-4FDA-B504-1BB749CD0332}"
EndProject
Project("{8BC9CEB8-8B4A-11D0-8D11-00A0C91BC942}") = "06_Ternary", "06_Ternary\06_Ternary.vcxproj", "{8889E79A-172B-400B-A150-29587F85790D}"
EndProject
Project("{8BC9CEB8-8B4A-11D0-8D11-00A0C91BC942}") = "07_Ternary", "07_Ternary\07_Ternary.vcxproj", "{EAFC0D25-DE2A-4C84-81C5-14223F87544B}"
EndProject
Project("{8BC9CEB8-8B4A-11D0-8D11-00A0C91BC942}") = "08_Switch", "08_Switch\08_Switch.vcxproj", "{EA6809E1-7A8B-4F7C-BC53-ACEA2F29E59B}"
EndProject
Project("{8BC9CEB8-8B4A-11D0-8D11-00A0C91BC942}") = "09_Switch", "09_Switch\09_Switch.vcxproj", "{66A285C1-D064-4638-9344-C5185D049E5B}"
EndProject
Project("{8BC9CEB8-8B4A-11D0-8D11-00A0C91BC942}") = "10_Switch", "10_Switch\10_Switch.vcxproj", "{9F7420F7-EF4D-4876-BD31-175963903884}"
EndProject
Global
	GlobalSection(SolutionConfigurationPlatforms) = preSolution
		Debug|x64 = Debug|x64
		Debug|x86 = Debug|x86
		Release|x64 = Release|x64
		Release|x86 = Release|x86
	EndGlobalSection
	GlobalSection(ProjectConfigurationPlatforms) = postSolution
		{4F5ADCD8-3F13-4BCF-8156-5C3EFA2B393A}.Debug|x64.ActiveCfg = Debug|x64
		{4F5ADCD8-3F13-4BCF-8156-5C3EFA2B393A}.Debug|x64.Build.0 = Debug|x64
		{4F5ADCD8-3F13-4BCF-8156-5C3EFA2B393A}.Debug|x86.ActiveCfg = Debug|Win32
		{4F5ADCD8-3F13-4BCF-8156-5C3EFA2B393A}.Debug|x86.Build.0 = Debug|Win32
		{4F5ADCD8-3F13-4BCF-8156-5C3EFA2B393A}.Release|x64.ActiveCfg = Release|x64
		{4F5ADCD8-3F13-4BCF-8156-5C3EFA2B393A}.Release|x64.Build.0 = Release|x64
		{4F5ADCD8-3F13-4BCF-8156-5C3EFA2B393A}.Release|x86.ActiveCfg = Release|Win32
		{4F5ADCD8-3F13-4BCF-8156-5C3EFA2B393A}.Release|x86.Build.0 = Release|Win32
		{2E84C333-A5CA-4E43-B71E-1D7243FF50EF}.Debug|x64.ActiveCfg = Debug|x64
		{2E84C333-A5CA-4E43-B71E-1D7243FF50EF}.Debug|x64.Build.0 = Debug|x64
		{2E84C333-A5CA-4E43-B71E-1D7243FF50EF}.Debug|x86.ActiveCfg = Debug|Win32
		{2E84C333-A5CA-4E43-B71E-1D7243FF50EF}.Debug|x86.Build.0 = Debug|Win32
		{2E84C333-A5CA-4E43-B71E-1D7243FF50EF}.Release|x64.ActiveCfg = Release|x64
		{2E84C333-A5CA-4E43-B71E-1D7243FF50EF}.Release|x64.Build.0 = Release|x64
		{2E84C333-A5CA-4E43-B71E-1D7243FF50EF}.Release|x86.ActiveCfg = Release|Win32
		{2E84C333-A5CA-4E43-B71E-1D7243FF50EF}.Release|x86.Build.0 = Release|Win32
		{4FBF1ECC-622A-4B20-83F0-E500EA571FEB}.Debug|x64.ActiveCfg = Debug|x64
		{4FBF1ECC-622A-4B20-83F0-E500EA571FEB}.Debug|x64.Build.0 = Debug|x64
		{4FBF1ECC-622A-4B20-83F0-E500EA571FEB}.Debug|x86.ActiveCfg = Debug|Win32
		{4FBF1ECC-622A-4B20-83F0-E500EA571FEB}.Debug|x86.Build.0 = Debug|Win32
		{4FBF1ECC-622A-4B20-83F0-E500EA571FEB}.Release|x64.ActiveCfg = Release|x64
		{4FBF1ECC-622A-4B20-83F0-E500EA571FEB}.Release|x64.Build.0 = Release|x64
		{4FBF1ECC-622A-4B20-83F0-E500EA571FEB}.Release|x86.ActiveCfg = Release|Win32
		{4FBF1ECC-622A-4B20-83F0-E500EA571FEB}.Release|x86.Build.0 = Release|Win32
		{0E36B632-59A2-455A-9E02-13918E0351BD}.Debug|x64.ActiveCfg = Debug|x64
		{0E36B632-59A2-455A-9E02-13918E0351BD}.Debug|x64.Build.0 = Debug|x64
		{0E36B632-59A2-455A-9E02-13918E0351BD}.Debug|x86.ActiveCfg = Debug|Win32
		{0E36B632-59A2-455A-9E02-13918E0351BD}.Debug|x86.Build.0 = Debug|Win32
		{0E36B632-59A2-455A-9E02-13918E0351BD}.Release|x64.ActiveCfg = Release|x64
		{0E36B632-59A2-455A-9E02-13918E0351BD}.Release|x64.Build.0 = Release|x64
		{0E36B632-59A2-455A-9E02-13918E0351BD}.Release|x86.ActiveCfg = Release|Win32
		{0E36B632-59A2-455A-9E02-13918E0351BD}.Release|x86.Build.0 = Release|Win32
		{7E0179FD-8920-44DA-9A55-9A84366C2D65}.Debug|x64.ActiveCfg = Debug|x64
		{7E0179FD-8920-44DA-9A55-9A84366C2D65}.Debug|x64.Build.0 = Debug|x64
		{7E0179FD-8920-44DA-9A55-9A84366C2D65}.Debug|x86.ActiveCfg = Debug|Win32
		{7E0179FD-8920-44DA-9A55-9A84366C2D65}.Debug|x86.Build.0 = Debug|Win32
		{7E0179FD-8920-44DA-9A55-9A84366C2D65}.Release|x64.ActiveCfg = Release|x64
		{7E0179FD-8920-44DA-9A55-9A84366C2D65}.Release|x64.Build.0 = Release|x64
		{7E0179FD-8920-44DA-9A55-9A84366C2D65}.Release|x86.ActiveCfg = Release|Win32
		{7E0179FD-8920-44DA-9A55-9A84366C2D65}.Release|x86.Build.0 = Release|Win32
		{16EF0418-4647-4FDA-B504-1BB749CD0332}.Debug|x64.ActiveCfg = Debug|x64
		{16EF0418-4647-4FDA-B504-1BB749CD0332}.Debug|x64.Build.0 = Debug|x64
		{16EF0418-4647-4FDA-B504-1BB749CD0332}.Debug|x86.ActiveCfg = Debug|Win32
		{16EF0418-4647-4FDA-B504-1BB749CD0332}.Debug|x86.Build.0 = Debug|Win32
		{16EF0418-4647-4FDA-B504-1BB749CD0332}.Release|x64.ActiveCfg = Release|x64
		{16EF0418-4647-4FDA-B504-1BB749CD0332}.Release|x64.Build.0 = Release|x64
		{16EF0418-4647-4FDA-B504-1BB749CD0332}.Release|x86.ActiveCfg = Release|Win32
		{16EF0418-4647-4FDA-B504-1BB749CD0332}.Release|x86.Build.0 = Release|Win32
		{8889E79A-172B-400B-A150-29587F85790D}.Debug|x64.ActiveCfg = Debug|x64
		{8889E79A-172B-400B-A150-29587F85790D}.Debug|x64.Build.0 = Debug|x64
		{8889E79A-172B-400B-A150-29587F85790D}.Debug|x86.ActiveCfg = Debug|Win32
		{8889E79A-172B-400B-A150-29587F85790D}.Debug|x86.Build.0 = Debug|Win32
		{8889E79A-172B-400B-A150-29587F85790D}.Release|x64.ActiveCfg = Release|x64
		{8889E79A-172B-400B-A150-29587F85790D}.Release|x64.Build.0 = Release|x64
		{8889E79A-172B-400B-A150-29587F85790D}.Release|x86.ActiveCfg = Release|Win32
		{8889E79A-172B-400B-A150-29587F85790D}.Release|x86.Build.0 = Release|Win32
		{EAFC0D25-DE2A-4C84-81C5-14223F87544B}.Debug|x64.ActiveCfg = Debug|x64
		{EAFC0D25-DE2A-4C84-81C5-14223F87544B}.Debug|x64.Build.0 = Debug|x64
		{EAFC0D25-DE2A-4C84-81C5-14223F87544B}.Debug|x86.ActiveCfg = Debug|Win32
		{EAFC0D25-DE2A-4C84-81C5-14223F87544B}.Debug|x86.Build.0 = Debug|Win32
		{EAFC0D25-DE2A-4C84-81C5-14223F87544B}.Release|x64.ActiveCfg = Release|x64
		{EAFC0D25-DE2A-4C84-81C5-14223F87544B}.Release|x64.Build.0 = Release|x64
		{EAFC0D25-DE2A-4C84-81C5-14223F87544B}.Release|x86.ActiveCfg = Release|Win32
		{EAFC0D25-DE2A-4C84-81C5-14223F87544B}.Release|x86.Build.0 = Release|Win32
		{EA6809E1-7A8B-4F7C-BC53-ACEA2F29E59B}.Debug|x64.ActiveCfg = Debug|x64
		{EA6809E1-7A8B-4F7C-BC53-ACEA2F29E59B}.Debug|x64.Build.0 = Debug|x64
		{EA6809E1-7A8B-4F7C-BC53-ACEA2F29E59B}.Debug|x86.ActiveCfg = Debug|Win32
		{EA6809E1-7A8B-4F7C-BC53-ACEA2F29E59B}.Debug|x86.Build.0 = Debug|Win32
		{EA6809E1-7A8B-4F7C-BC53-ACEA2F29E59B}.Release|x64.ActiveCfg = Release|x64
		{EA6809E1-7A8B-4F7C-BC53-ACEA2F29E59B}.Release|x64.Build.0 = Release|x64
		{EA6809E1-7A8B-4F7C-BC53-ACEA2F29E59B}.Release|x86.ActiveCfg = Release|Win32
		{EA6809E1-7A8B-4F7C-BC53-ACEA2F29E59B}.Release|x86.Build.0 = Release|Win32
		{66A285C1-D064-4638-9344-C5185D049E5B}.Debug|x64.ActiveCfg = Debug|x64
		{66A285C1-D064-4638-9344-C5185D049E5B}.Debug|x64.Build.0 = Debug|x64
		{66A285C1-D064-4638-9344-C5185D049E5B}.Debug|x86.ActiveCfg = Debug|Win32
		{66A285C1-D064-4638-9344-C5185D049E5B}.Debug|x86.Build.0 = Debug|Win32
		{66A285C1-D064-4638-9344-C5185D049E5B}.Release|x64.ActiveCfg = Release|x64
		{66A285C1-D064-4638-9344-C5185D049E5B}.Release|x64.Build.0 = Release|x64
		{66A285C1-D064-4638-9344-C5185D049E5B}.Release|x86.ActiveCfg = Release|Win32
		{66A285C1-D064-4638-9344-C5185D049E5B}.Release|x86.Build.0 = Release|Win32
		{9F7420F7-EF4D-4876-BD31-175963903884}.Debug|x64.ActiveCfg = Debug|x64
		{9F7420F7-EF4D-4876-BD31-175963903884}.Debug|x64.Build.0 = Debug|x64
		{9F7420F7-EF4D-4876-BD31-175963903884}.Debug|x86.ActiveCfg = Debug|Win32
		{9F7420F7-EF4D-4876-BD31-175963903884}.Debug|x86.Build.0 = Debug|Win32
		{9F7420F7-EF4D-4876-BD31-175963903884}.Release|x64.ActiveCfg = Release|x64
		{9F7420F7-EF4D-4876-BD31-175963903884}.Release|x64.Build.0 = Release|x64
		{9F7420F7-EF4D-4876-BD31-175963903884}.Release|x86.ActiveCfg = Release|Win32
		{9F7420F7-EF4D-4876-BD31-175963903884}.Release|x86.Build.0 = Release|Win32
	EndGlobalSection
	GlobalSection(SolutionProperties) = preSolution
		HideSolutionNode = FALSE
	EndGlobalSection
	GlobalSection(ExtensibilityGlobals) = postSolution
		SolutionGuid = {F27F37B8-1613-44DB-B304-AFDBDF0FD60A}
	EndGlobalSection
EndGlobal
